{
  "name": "puzzle-room-os-ui",
  "lockfileVersion": 3,
  "requires": true,
  "packages": {
    "": {
      "name": "puzzle-room-os-ui",
      "dependencies": {
        "typescript-cookie": "^1.0.6"
      },
      "devDependencies": {
        "@types/jquery": "^3.5.29"
      }
    },
    "node_modules/@types/jquery": {
      "version": "3.5.29",
      "dev": true,
      "license": "MIT",
      "dependencies": {
        "@types/sizzle": "*"
      }
    },
    "node_modules/@types/sizzle": {
      "version": "2.3.8",
      "dev": true,
      "license": "MIT"
    },
    "node_modules/typescript-cookie": {
      "version": "1.0.6",
      "license": "MIT",
      "engines": {
        "node": ">=14"
      }
    }
  }
}
